// !$*UTF8*$!
{
	archiveVersion = 1;
	classes = {
	};
	objectVersion = 55;
	objects = {

/* Begin PBXBuildFile section */
		D476E7DB285FE983007F5A04 /* AppDelegate.swift in Sources */ = {isa = PBXBuildFile; fileRef = D476E7DA285FE983007F5A04 /* AppDelegate.swift */; };
		D476E7DD285FE983007F5A04 /* SceneDelegate.swift in Sources */ = {isa = PBXBuildFile; fileRef = D476E7DC285FE983007F5A04 /* SceneDelegate.swift */; };
		D476E7DF285FE983007F5A04 /* MainViewController.swift in Sources */ = {isa = PBXBuildFile; fileRef = D476E7DE285FE983007F5A04 /* MainViewController.swift */; };
		D476E7E4285FE983007F5A04 /* Assets.xcassets in Resources */ = {isa = PBXBuildFile; fileRef = D476E7E3285FE983007F5A04 /* Assets.xcassets */; };
		D476E7E7285FE983007F5A04 /* LaunchScreen.storyboard in Resources */ = {isa = PBXBuildFile; fileRef = D476E7E5285FE983007F5A04 /* LaunchScreen.storyboard */; };
		D476E7F2285FE984007F5A04 /* ViewCodeAppTests.swift in Sources */ = {isa = PBXBuildFile; fileRef = D476E7F1285FE984007F5A04 /* ViewCodeAppTests.swift */; };
		D476E7FC285FE984007F5A04 /* ViewCodeAppUITests.swift in Sources */ = {isa = PBXBuildFile; fileRef = D476E7FB285FE984007F5A04 /* ViewCodeAppUITests.swift */; };
		D476E7FE285FE984007F5A04 /* ViewCodeAppUITestsLaunchTests.swift in Sources */ = {isa = PBXBuildFile; fileRef = D476E7FD285FE984007F5A04 /* ViewCodeAppUITestsLaunchTests.swift */; };
/* End PBXBuildFile section */

/* Begin PBXContainerItemProxy section */
		D476E7EE285FE984007F5A04 /* PBXContainerItemProxy */ = {
			isa = PBXContainerItemProxy;
			containerPortal = D476E7CF285FE983007F5A04 /* Project object */;
			proxyType = 1;
			remoteGlobalIDString = D476E7D6285FE983007F5A04;
			remoteInfo = ViewCodeApp;
		};
		D476E7F8285FE984007F5A04 /* PBXContainerItemProxy */ = {
			isa = PBXContainerItemProxy;
			containerPortal = D476E7CF285FE983007F5A04 /* Project object */;
			proxyType = 1;
			remoteGlobalIDString = D476E7D6285FE983007F5A04;
			remoteInfo = ViewCodeApp;
		};
/* End PBXContainerItemProxy section */

/* Begin PBXFileReference section */
		D476E7D7285FE983007F5A04 /* ViewCodeApp.app */ = {isa = PBXFileReference; explicitFileType = wrapper.application; includeInIndex = 0; path = ViewCodeApp.app; sourceTree = BUILT_PRODUCTS_DIR; };
		D476E7DA285FE983007F5A04 /* AppDelegate.swift */ = {isa = PBXFileReference; lastKnownFileType = sourcecode.swift; path = AppDelegate.swift; sourceTree = "<group>"; };
		D476E7DC285FE983007F5A04 /* SceneDelegate.swift */ = {isa = PBXFileReference; lastKnownFileType = sourcecode.swift; path = SceneDelegate.swift; sourceTree = "<group>"; };
		D476E7DE285FE983007F5A04 /* MainViewController.swift */ = {isa = PBXFileReference; lastKnownFileType = sourcecode.swift; path = MainViewController.swift; sourceTree = "<group>"; };
		D476E7E3285FE983007F5A04 /* Assets.xcassets */ = {isa = PBXFileReference; lastKnownFileType = folder.assetcatalog; path = Assets.xcassets; sourceTree = "<group>"; };
		D476E7E6285FE983007F5A04 /* Base */ = {isa = PBXFileReference; lastKnownFileType = file.storyboard; name = Base; path = Base.lproj/LaunchScreen.storyboard; sourceTree = "<group>"; };
		D476E7E8285FE983007F5A04 /* Info.plist */ = {isa = PBXFileReference; lastKnownFileType = text.plist.xml; path = Info.plist; sourceTree = "<group>"; };
		D476E7ED285FE984007F5A04 /* ViewCodeAppTests.xctest */ = {isa = PBXFileReference; explicitFileType = wrapper.cfbundle; includeInIndex = 0; path = ViewCodeAppTests.xctest; sourceTree = BUILT_PRODUCTS_DIR; };
		D476E7F1285FE984007F5A04 /* ViewCodeAppTests.swift */ = {isa = PBXFileReference; lastKnownFileType = sourcecode.swift; path = ViewCodeAppTests.swift; sourceTree = "<group>"; };
		D476E7F7285FE984007F5A04 /* ViewCodeAppUITests.xctest */ = {isa = PBXFileReference; explicitFileType = wrapper.cfbundle; includeInIndex = 0; path = ViewCodeAppUITests.xctest; sourceTree = BUILT_PRODUCTS_DIR; };
		D476E7FB285FE984007F5A04 /* ViewCodeAppUITests.swift */ = {isa = PBXFileReference; lastKnownFileType = sourcecode.swift; path = ViewCodeAppUITests.swift; sourceTree = "<group>"; };
		D476E7FD285FE984007F5A04 /* ViewCodeAppUITestsLaunchTests.swift */ = {isa = PBXFileReference; lastKnownFileType = sourcecode.swift; path = ViewCodeAppUITestsLaunchTests.swift; sourceTree = "<group>"; };
/* End PBXFileReference section */

/* Begin PBXFrameworksBuildPhase section */
		D476E7D4285FE983007F5A04 /* Frameworks */ = {
			isa = PBXFrameworksBuildPhase;
			buildActionMask = 2147483647;
			files = (
			);
			runOnlyForDeploymentPostprocessing = 0;
		};
		D476E7EA285FE984007F5A04 /* Frameworks */ = {
			isa = PBXFrameworksBuildPhase;
			buildActionMask = 2147483647;
			files = (
			);
			runOnlyForDeploymentPostprocessing = 0;
		};
		D476E7F4285FE984007F5A04 /* Frameworks */ = {
			isa = PBXFrameworksBuildPhase;
			buildActionMask = 2147483647;
			files = (
			);
			runOnlyForDeploymentPostprocessing = 0;
		};
/* End PBXFrameworksBuildPhase section */

/* Begin PBXGroup section */
		D476E7CE285FE983007F5A04 = {
			isa = PBXGroup;
			children = (
				D476E7D9285FE983007F5A04 /* ViewCodeApp */,
				D476E7F0285FE984007F5A04 /* ViewCodeAppTests */,
				D476E7FA285FE984007F5A04 /* ViewCodeAppUITests */,
				D476E7D8285FE983007F5A04 /* Products */,
			);
			sourceTree = "<group>";
		};
		D476E7D8285FE983007F5A04 /* Products */ = {
			isa = PBXGroup;
			children = (
				D476E7D7285FE983007F5A04 /* ViewCodeApp.app */,
				D476E7ED285FE984007F5A04 /* ViewCodeAppTests.xctest */,
				D476E7F7285FE984007F5A04 /* ViewCodeAppUITests.xctest */,
			);
			name = Products;
			sourceTree = "<group>";
		};
		D476E7D9285FE983007F5A04 /* ViewCodeApp */ = {
			isa = PBXGroup;
			children = (
				D476E7DA285FE983007F5A04 /* AppDelegate.swift */,
				D476E7DC285FE983007F5A04 /* SceneDelegate.swift */,
				D476E7DE285FE983007F5A04 /* MainViewController.swift */,
				D476E7E3285FE983007F5A04 /* Assets.xcassets */,
				D476E7E5285FE983007F5A04 /* LaunchScreen.storyboard */,
				D476E7E8285FE983007F5A04 /* Info.plist */,
			);
			path = ViewCodeApp;
			sourceTree = "<group>";
		};
		D476E7F0285FE984007F5A04 /* ViewCodeAppTests */ = {
			isa = PBXGroup;
			children = (
				D476E7F1285FE984007F5A04 /* ViewCodeAppTests.swift */,
			);
			path = ViewCodeAppTests;
			sourceTree = "<group>";
		};
		D476E7FA285FE984007F5A04 /* ViewCodeAppUITests */ = {
			isa = PBXGroup;
			children = (
				D476E7FB285FE984007F5A04 /* ViewCodeAppUITests.swift */,
				D476E7FD285FE984007F5A04 /* ViewCodeAppUITestsLaunchTests.swift */,
			);
			path = ViewCodeAppUITests;
			sourceTree = "<group>";
		};
/* End PBXGroup section */

/* Begin PBXNativeTarget section */
		D476E7D6285FE983007F5A04 /* ViewCodeApp */ = {
			isa = PBXNativeTarget;
			buildConfigurationList = D476E801285FE984007F5A04 /* Build configuration list for PBXNativeTarget "ViewCodeApp" */;
			buildPhases = (
				D476E7D3285FE983007F5A04 /* Sources */,
				D476E7D4285FE983007F5A04 /* Frameworks */,
				D476E7D5285FE983007F5A04 /* Resources */,
			);
			buildRules = (
			);
			dependencies = (
			);
			name = ViewCodeApp;
			productName = ViewCodeApp;
			productReference = D476E7D7285FE983007F5A04 /* ViewCodeApp.app */;
			productType = "com.apple.product-type.application";
		};
		D476E7EC285FE984007F5A04 /* ViewCodeAppTests */ = {
			isa = PBXNativeTarget;
			buildConfigurationList = D476E804285FE984007F5A04 /* Build configuration list for PBXNativeTarget "ViewCodeAppTests" */;
			buildPhases = (
				D476E7E9285FE984007F5A04 /* Sources */,
				D476E7EA285FE984007F5A04 /* Frameworks */,
				D476E7EB285FE984007F5A04 /* Resources */,
			);
			buildRules = (
			);
			dependencies = (
				D476E7EF285FE984007F5A04 /* PBXTargetDependency */,
			);
			name = ViewCodeAppTests;
			productName = ViewCodeAppTests;
			productReference = D476E7ED285FE984007F5A04 /* ViewCodeAppTests.xctest */;
			productType = "com.apple.product-type.bundle.unit-test";
		};
		D476E7F6285FE984007F5A04 /* ViewCodeAppUITests */ = {
			isa = PBXNativeTarget;
			buildConfigurationList = D476E807285FE984007F5A04 /* Build configuration list for PBXNativeTarget "ViewCodeAppUITests" */;
			buildPhases = (
				D476E7F3285FE984007F5A04 /* Sources */,
				D476E7F4285FE984007F5A04 /* Frameworks */,
				D476E7F5285FE984007F5A04 /* Resources */,
			);
			buildRules = (
			);
			dependencies = (
				D476E7F9285FE984007F5A04 /* PBXTargetDependency */,
			);
			name = ViewCodeAppUITests;
			productName = ViewCodeAppUITests;
			productReference = D476E7F7285FE984007F5A04 /* ViewCodeAppUITests.xctest */;
			productType = "com.apple.product-type.bundle.ui-testing";
		};
/* End PBXNativeTarget section */

/* Begin PBXProject section */
		D476E7CF285FE983007F5A04 /* Project object */ = {
			isa = PBXProject;
			attributes = {
				BuildIndependentTargetsInParallel = 1;
				LastSwiftUpdateCheck = 1330;
				LastUpgradeCheck = 1330;
				TargetAttributes = {
					D476E7D6285FE983007F5A04 = {
						CreatedOnToolsVersion = 13.3.1;
					};
					D476E7EC285FE984007F5A04 = {
						CreatedOnToolsVersion = 13.3.1;
						TestTargetID = D476E7D6285FE983007F5A04;
					};
					D476E7F6285FE984007F5A04 = {
						CreatedOnToolsVersion = 13.3.1;
						TestTargetID = D476E7D6285FE983007F5A04;
					};
				};
			};
			buildConfigurationList = D476E7D2285FE983007F5A04 /* Build configuration list for PBXProject "ViewCodeApp" */;
			compatibilityVersion = "Xcode 13.0";
			developmentRegion = en;
			hasScannedForEncodings = 0;
			knownRegions = (
				en,
				Base,
			);
			mainGroup = D476E7CE285FE983007F5A04;
			productRefGroup = D476E7D8285FE983007F5A04 /* Products */;
			projectDirPath = "";
			projectRoot = "";
			targets = (
				D476E7D6285FE983007F5A04 /* ViewCodeApp */,
				D476E7EC285FE984007F5A04 /* ViewCodeAppTests */,
				D476E7F6285FE984007F5A04 /* ViewCodeAppUITests */,
			);
		};
/* End PBXProject section */

/* Begin PBXResourcesBuildPhase section */
		D476E7D5285FE983007F5A04 /* Resources */ = {
			isa = PBXResourcesBuildPhase;
			buildActionMask = 2147483647;
			files = (
				D476E7E7285FE983007F5A04 /* LaunchScreen.storyboard in Resources */,
				D476E7E4285FE983007F5A04 /* Assets.xcassets in Resources */,
			);
			runOnlyForDeploymentPostprocessing = 0;
		};
		D476E7EB285FE984007F5A04 /* Resources */ = {
			isa = PBXResourcesBuildPhase;
			buildActionMask = 2147483647;
			files = (
			);
			runOnlyForDeploymentPostprocessing = 0;
		};
		D476E7F5285FE984007F5A04 /* Resources */ = {
			isa = PBXResourcesBuildPhase;
			buildActionMask = 2147483647;
			files = (
			);
			runOnlyForDeploymentPostprocessing = 0;
		};
/* End PBXResourcesBuildPhase section */

/* Begin PBXSourcesBuildPhase section */
		D476E7D3285FE983007F5A04 /* Sources */ = {
			isa = PBXSourcesBuildPhase;
			buildActionMask = 2147483647;
			files = (
				D476E7DF285FE983007F5A04 /* MainViewController.swift in Sources */,
				D476E7DB285FE983007F5A04 /* AppDelegate.swift in Sources */,
				D476E7DD285FE983007F5A04 /* SceneDelegate.swift in Sources */,
			);
			runOnlyForDeploymentPostprocessing = 0;
		};
		D476E7E9285FE984007F5A04 /* Sources */ = {
			isa = PBXSourcesBuildPhase;
			buildActionMask = 2147483647;
			files = (
				D476E7F2285FE984007F5A04 /* ViewCodeAppTests.swift in Sources */,
			);
			runOnlyForDeploymentPostprocessing = 0;
		};
		D476E7F3285FE984007F5A04 /* Sources */ = {
			isa = PBXSourcesBuildPhase;
			buildActionMask = 2147483647;
			files = (
				D476E7FE285FE984007F5A04 /* ViewCodeAppUITestsLaunchTests.swift in Sources */,
				D476E7FC285FE984007F5A04 /* ViewCodeAppUITests.swift in Sources */,
			);
			runOnlyForDeploymentPostprocessing = 0;
		};
/* End PBXSourcesBuildPhase section */

/* Begin PBXTargetDependency section */
		D476E7EF285FE984007F5A04 /* PBXTargetDependency */ = {
			isa = PBXTargetDependency;
			target = D476E7D6285FE983007F5A04 /* ViewCodeApp */;
			targetProxy = D476E7EE285FE984007F5A04 /* PBXContainerItemProxy */;
		};
		D476E7F9285FE984007F5A04 /* PBXTargetDependency */ = {
			isa = PBXTargetDependency;
			target = D476E7D6285FE983007F5A04 /* ViewCodeApp */;
			targetProxy = D476E7F8285FE984007F5A04 /* PBXContainerItemProxy */;
		};
/* End PBXTargetDependency section */

/* Begin PBXVariantGroup section */
		D476E7E5285FE983007F5A04 /* LaunchScreen.storyboard */ = {
			isa = PBXVariantGroup;
			children = (
				D476E7E6285FE983007F5A04 /* Base */,
			);
			name = LaunchScreen.storyboard;
			sourceTree = "<group>";
		};
/* End PBXVariantGroup section */

/* Begin XCBuildConfiguration section */
		D476E7FF285FE984007F5A04 /* Debug */ = {
			isa = XCBuildConfiguration;
			buildSettings = {
				ALWAYS_SEARCH_USER_PATHS = NO;
				CLANG_ANALYZER_NONNULL = YES;
				CLANG_ANALYZER_NUMBER_OBJECT_CONVERSION = YES_AGGRESSIVE;
				CLANG_CXX_LANGUAGE_STANDARD = "gnu++17";
				CLANG_ENABLE_MODULES = YES;
				CLANG_ENABLE_OBJC_ARC = YES;
				CLANG_ENABLE_OBJC_WEAK = YES;
				CLANG_WARN_BLOCK_CAPTURE_AUTORELEASING = YES;
				CLANG_WARN_BOOL_CONVERSION = YES;
				CLANG_WARN_COMMA = YES;
				CLANG_WARN_CONSTANT_CONVERSION = YES;
				CLANG_WARN_DEPRECATED_OBJC_IMPLEMENTATIONS = YES;
				CLANG_WARN_DIRECT_OBJC_ISA_USAGE = YES_ERROR;
				CLANG_WARN_DOCUMENTATION_COMMENTS = YES;
				CLANG_WARN_EMPTY_BODY = YES;
				CLANG_WARN_ENUM_CONVERSION = YES;
				CLANG_WARN_INFINITE_RECURSION = YES;
				CLANG_WARN_INT_CONVERSION = YES;
				CLANG_WARN_NON_LITERAL_NULL_CONVERSION = YES;
				CLANG_WARN_OBJC_IMPLICIT_RETAIN_SELF = YES;
				CLANG_WARN_OBJC_LITERAL_CONVERSION = YES;
				CLANG_WARN_OBJC_ROOT_CLASS = YES_ERROR;
				CLANG_WARN_QUOTED_INCLUDE_IN_FRAMEWORK_HEADER = YES;
				CLANG_WARN_RANGE_LOOP_ANALYSIS = YES;
				CLANG_WARN_STRICT_PROTOTYPES = YES;
				CLANG_WARN_SUSPICIOUS_MOVE = YES;
				CLANG_WARN_UNGUARDED_AVAILABILITY = YES_AGGRESSIVE;
				CLANG_WARN_UNREACHABLE_CODE = YES;
				CLANG_WARN__DUPLICATE_METHOD_MATCH = YES;
				COPY_PHASE_STRIP = NO;
				DEBUG_INFORMATION_FORMAT = dwarf;
				ENABLE_STRICT_OBJC_MSGSEND = YES;
				ENABLE_TESTABILITY = YES;
				GCC_C_LANGUAGE_STANDARD = gnu11;
				GCC_DYNAMIC_NO_PIC = NO;
				GCC_NO_COMMON_BLOCKS = YES;
				GCC_OPTIMIZATION_LEVEL = 0;
				GCC_PREPROCESSOR_DEFINITIONS = (
					"DEBUG=1",
					"$(inherited)",
				);
				GCC_WARN_64_TO_32_BIT_CONVERSION = YES;
				GCC_WARN_ABOUT_RETURN_TYPE = YES_ERROR;
				GCC_WARN_UNDECLARED_SELECTOR = YES;
				GCC_WARN_UNINITIALIZED_AUTOS = YES_AGGRESSIVE;
				GCC_WARN_UNUSED_FUNCTION = YES;
				GCC_WARN_UNUSED_VARIABLE = YES;
				IPHONEOS_DEPLOYMENT_TARGET = 15.4;
				MTL_ENABLE_DEBUG_INFO = INCLUDE_SOURCE;
				MTL_FAST_MATH = YES;
				ONLY_ACTIVE_ARCH = YES;
				SDKROOT = iphoneos;
				SWIFT_ACTIVE_COMPILATION_CONDITIONS = DEBUG;
				SWIFT_OPTIMIZATION_LEVEL = "-Onone";
			};
			name = Debug;
		};
		D476E800285FE984007F5A04 /* Release */ = {
			isa = XCBuildConfiguration;
			buildSettings = {
				ALWAYS_SEARCH_USER_PATHS = NO;
				CLANG_ANALYZER_NONNULL = YES;
				CLANG_ANALYZER_NUMBER_OBJECT_CONVERSION = YES_AGGRESSIVE;
				CLANG_CXX_LANGUAGE_STANDARD = "gnu++17";
				CLANG_ENABLE_MODULES = YES;
				CLANG_ENABLE_OBJC_ARC = YES;
				CLANG_ENABLE_OBJC_WEAK = YES;
				CLANG_WARN_BLOCK_CAPTURE_AUTORELEASING = YES;
				CLANG_WARN_BOOL_CONVERSION = YES;
				CLANG_WARN_COMMA = YES;
				CLANG_WARN_CONSTANT_CONVERSION = YES;
				CLANG_WARN_DEPRECATED_OBJC_IMPLEMENTATIONS = YES;
				CLANG_WARN_DIRECT_OBJC_ISA_USAGE = YES_ERROR;
				CLANG_WARN_DOCUMENTATION_COMMENTS = YES;
				CLANG_WARN_EMPTY_BODY = YES;
				CLANG_WARN_ENUM_CONVERSION = YES;
				CLANG_WARN_INFINITE_RECURSION = YES;
				CLANG_WARN_INT_CONVERSION = YES;
				CLANG_WARN_NON_LITERAL_NULL_CONVERSION = YES;
				CLANG_WARN_OBJC_IMPLICIT_RETAIN_SELF = YES;
				CLANG_WARN_OBJC_LITERAL_CONVERSION = YES;
				CLANG_WARN_OBJC_ROOT_CLASS = YES_ERROR;
				CLANG_WARN_QUOTED_INCLUDE_IN_FRAMEWORK_HEADER = YES;
				CLANG_WARN_RANGE_LOOP_ANALYSIS = YES;
				CLANG_WARN_STRICT_PROTOTYPES = YES;
				CLANG_WARN_SUSPICIOUS_MOVE = YES;
				CLANG_WARN_UNGUARDED_AVAILABILITY = YES_AGGRESSIVE;
				CLANG_WARN_UNREACHABLE_CODE = YES;
				CLANG_WARN__DUPLICATE_METHOD_MATCH = YES;
				COPY_PHASE_STRIP = NO;
				DEBUG_INFORMATION_FORMAT = "dwarf-with-dsym";
				ENABLE_NS_ASSERTIONS = NO;
				ENABLE_STRICT_OBJC_MSGSEND = YES;
				GCC_C_LANGUAGE_STANDARD = gnu11;
				GCC_NO_COMMON_BLOCKS = YES;
				GCC_WARN_64_TO_32_BIT_CONVERSION = YES;
				GCC_WARN_ABOUT_RETURN_TYPE = YES_ERROR;
				GCC_WARN_UNDECLARED_SELECTOR = YES;
				GCC_WARN_UNINITIALIZED_AUTOS = YES_AGGRESSIVE;
				GCC_WARN_UNUSED_FUNCTION = YES;
				GCC_WARN_UNUSED_VARIABLE = YES;
				IPHONEOS_DEPLOYMENT_TARGET = 15.4;
				MTL_ENABLE_DEBUG_INFO = NO;
				MTL_FAST_MATH = YES;
				SDKROOT = iphoneos;
				SWIFT_COMPILATION_MODE = wholemodule;
				SWIFT_OPTIMIZATION_LEVEL = "-O";
				VALIDATE_PRODUCT = YES;
			};
			name = Release;
		};
		D476E802285FE984007F5A04 /* Debug */ = {
			isa = XCBuildConfiguration;
			buildSettings = {
				ASSETCATALOG_COMPILER_APPICON_NAME = AppIcon;
				ASSETCATALOG_COMPILER_GLOBAL_ACCENT_COLOR_NAME = AccentColor;
				CODE_SIGN_STYLE = Automatic;
				CURRENT_PROJECT_VERSION = 1;
				GENERATE_INFOPLIST_FILE = YES;
				INFOPLIST_FILE = ViewCodeApp/Info.plist;
				INFOPLIST_KEY_UIApplicationSupportsIndirectInputEvents = YES;
				INFOPLIST_KEY_UILaunchStoryboardName = LaunchScreen;
				INFOPLIST_KEY_UISupportedInterfaceOrientations = "UIInterfaceOrientationPortrait UIInterfaceOrientationLandscapeLeft UIInterfaceOrientationLandscapeRight";
				INFOPLIST_KEY_UISupportedInterfaceOrientations_iPad = "UIInterfaceOrientationPortrait UIInterfaceOrientationPortraitUpsideDown UIInterfaceOrientationLandscapeLeft UIInterfaceOrientationLandscapeRight";
				INFOPLIST_KEY_UISupportedInterfaceOrientations_iPhone = "UIInterfaceOrientationPortrait UIInterfaceOrientationLandscapeLeft UIInterfaceOrientationLandscapeRight";
				LD_RUNPATH_SEARCH_PATHS = (
					"$(inherited)",
					"@executable_path/Frameworks",
				);
				MARKETING_VERSION = 1.0;
				PRODUCT_BUNDLE_IDENTIFIER = com.br.gilbertosilva.ViewCodeApp;
				PRODUCT_NAME = "$(TARGET_NAME)";
				SWIFT_EMIT_LOC_STRINGS = YES;
				SWIFT_VERSION = 5.0;
				TARGETED_DEVICE_FAMILY = "1,2";
			};
			name = Debug;
		};
		D476E803285FE984007F5A04 /* Release */ = {
			isa = XCBuildConfiguration;
			buildSettings = {
				ASSETCATALOG_COMPILER_APPICON_NAME = AppIcon;
				ASSETCATALOG_COMPILER_GLOBAL_ACCENT_COLOR_NAME = AccentColor;
				CODE_SIGN_STYLE = Automatic;
				CURRENT_PROJECT_VERSION = 1;
				GENERATE_INFOPLIST_FILE = YES;
				INFOPLIST_FILE = ViewCodeApp/Info.plist;
				INFOPLIST_KEY_UIApplicationSupportsIndirectInputEvents = YES;
				INFOPLIST_KEY_UILaunchStoryboardName = LaunchScreen;
				INFOPLIST_KEY_UISupportedInterfaceOrientations = "UIInterfaceOrientationPortrait UIInterfaceOrientationLandscapeLeft UIInterfaceOrientationLandscapeRight";
				INFOPLIST_KEY_UISupportedInterfaceOrientations_iPad = "UIInterfaceOrientationPortrait UIInterfaceOrientationPortraitUpsideDown UIInterfaceOrientationLandscapeLeft UIInterfaceOrientationLandscapeRight";
				INFOPLIST_KEY_UISupportedInterfaceOrientations_iPhone = "UIInterfaceOrientationPortrait UIInterfaceOrientationLandscapeLeft UIInterfaceOrientationLandscapeRight";
				LD_RUNPATH_SEARCH_PATHS = (
					"$(inherited)",
					"@executable_path/Frameworks",
				);
				MARKETING_VERSION = 1.0;
				PRODUCT_BUNDLE_IDENTIFIER = com.br.gilbertosilva.ViewCodeApp;
				PRODUCT_NAME = "$(TARGET_NAME)";
				SWIFT_EMIT_LOC_STRINGS = YES;
				SWIFT_VERSION = 5.0;
				TARGETED_DEVICE_FAMILY = "1,2";
			};
			name = Release;
		};
		D476E805285FE984007F5A04 /* Debug */ = {
			isa = XCBuildConfiguration;
			buildSettings = {
				ALWAYS_EMBED_SWIFT_STANDARD_LIBRARIES = YES;
				BUNDLE_LOADER = "$(TEST_HOST)";
				CODE_SIGN_STYLE = Automatic;
				CURRENT_PROJECT_VERSION = 1;
				GENERATE_INFOPLIST_FILE = YES;
				IPHONEOS_DEPLOYMENT_TARGET = 15.4;
				MARKETING_VERSION = 1.0;
				PRODUCT_BUNDLE_IDENTIFIER = com.br.gilbertosilva.ViewCodeAppTests;
				PRODUCT_NAME = "$(TARGET_NAME)";
				SWIFT_EMIT_LOC_STRINGS = NO;
				SWIFT_VERSION = 5.0;
				TARGETED_DEVICE_FAMILY = "1,2";
				TEST_HOST = "$(BUILT_PRODUCTS_DIR)/ViewCodeApp.app/ViewCodeApp";
			};
			name = Debug;
		};
		D476E806285FE984007F5A04 /* Release */ = {
			isa = XCBuildConfiguration;
			buildSettings = {
				ALWAYS_EMBED_SWIFT_STANDARD_LIBRARIES = YES;
				BUNDLE_LOADER = "$(TEST_HOST)";
				CODE_SIGN_STYLE = Automatic;
				CURRENT_PROJECT_VERSION = 1;
				GENERATE_INFOPLIST_FILE = YES;
				IPHONEOS_DEPLOYMENT_TARGET = 15.4;
				MARKETING_VERSION = 1.0;
				PRODUCT_BUNDLE_IDENTIFIER = com.br.gilbertosilva.ViewCodeAppTests;
				PRODUCT_NAME = "$(TARGET_NAME)";
				SWIFT_EMIT_LOC_STRINGS = NO;
				SWIFT_VERSION = 5.0;
				TARGETED_DEVICE_FAMILY = "1,2";
				TEST_HOST = "$(BUILT_PRODUCTS_DIR)/ViewCodeApp.app/ViewCodeApp";
			};
			name = Release;
		};
		D476E808285FE984007F5A04 /* Debug */ = {
			isa = XCBuildConfiguration;
			buildSettings = {
				ALWAYS_EMBED_SWIFT_STANDARD_LIBRARIES = YES;
				CODE_SIGN_STYLE = Automatic;
				CURRENT_PROJECT_VERSION = 1;
				GENERATE_INFOPLIST_FILE = YES;
				MARKETING_VERSION = 1.0;
				PRODUCT_BUNDLE_IDENTIFIER = com.br.gilbertosilva.ViewCodeAppUITests;
				PRODUCT_NAME = "$(TARGET_NAME)";
				SWIFT_EMIT_LOC_STRINGS = NO;
				SWIFT_VERSION = 5.0;
				TARGETED_DEVICE_FAMILY = "1,2";
				TEST_TARGET_NAME = ViewCodeApp;
			};
			name = Debug;
		};
		D476E809285FE984007F5A04 /* Release */ = {
			isa = XCBuildConfiguration;
			buildSettings = {
				ALWAYS_EMBED_SWIFT_STANDARD_LIBRARIES = YES;
				CODE_SIGN_STYLE = Automatic;
				CURRENT_PROJECT_VERSION = 1;
				GENERATE_INFOPLIST_FILE = YES;
				MARKETING_VERSION = 1.0;
				PRODUCT_BUNDLE_IDENTIFIER = com.br.gilbertosilva.ViewCodeAppUITests;
				PRODUCT_NAME = "$(TARGET_NAME)";
				SWIFT_EMIT_LOC_STRINGS = NO;
				SWIFT_VERSION = 5.0;
				TARGETED_DEVICE_FAMILY = "1,2";
				TEST_TARGET_NAME = ViewCodeApp;
			};
			name = Release;
		};
/* End XCBuildConfiguration section */

/* Begin XCConfigurationList section */
		D476E7D2285FE983007F5A04 /* Build configuration list for PBXProject "ViewCodeApp" */ = {
			isa = XCConfigurationList;
			buildConfigurations = (
				D476E7FF285FE984007F5A04 /* Debug */,
				D476E800285FE984007F5A04 /* Release */,
			);
			defaultConfigurationIsVisible = 0;
			defaultConfigurationName = Release;
		};
		D476E801285FE984007F5A04 /* Build configuration list for PBXNativeTarget "ViewCodeApp" */ = {
			isa = XCConfigurationList;
			buildConfigurations = (
				D476E802285FE984007F5A04 /* Debug */,
				D476E803285FE984007F5A04 /* Release */,
			);
			defaultConfigurationIsVisible = 0;
			defaultConfigurationName = Release;
		};
		D476E804285FE984007F5A04 /* Build configuration list for PBXNativeTarget "ViewCodeAppTests" */ = {
			isa = XCConfigurationList;
			buildConfigurations = (
				D476E805285FE984007F5A04 /* Debug */,
				D476E806285FE984007F5A04 /* Release */,
			);
			defaultConfigurationIsVisible = 0;
			defaultConfigurationName = Release;
		};
		D476E807285FE984007F5A04 /* Build configuration list for PBXNativeTarget "ViewCodeAppUITests" */ = {
			isa = XCConfigurationList;
			buildConfigurations = (
				D476E808285FE984007F5A04 /* Debug */,
				D476E809285FE984007F5A04 /* Release */,
			);
			defaultConfigurationIsVisible = 0;
			defaultConfigurationName = Release;
		};
/* End XCConfigurationList section */
	};
	rootObject = D476E7CF285FE983007F5A04 /* Project object */;
}
